// !$*UTF8*$!
{
	archiveVersion = 1;
	classes = {
	};
	objectVersion = 50;
	objects = {

/* Begin PBXBuildFile section */
		D05986C422A607B900AE59F8 /* AppDelegate.swift in Sources */ = {isa = PBXBuildFile; fileRef = D05986C322A607B900AE59F8 /* AppDelegate.swift */; };
		D05986C622A607B900AE59F8 /* SceneDelegate.swift in Sources */ = {isa = PBXBuildFile; fileRef = D05986C522A607B900AE59F8 /* SceneDelegate.swift */; };
		D05986C822A607B900AE59F8 /* ContentView.swift in Sources */ = {isa = PBXBuildFile; fileRef = D05986C722A607B900AE59F8 /* ContentView.swift */; };
		D05986CA22A607BD00AE59F8 /* Assets.xcassets in Resources */ = {isa = PBXBuildFile; fileRef = D05986C922A607BD00AE59F8 /* Assets.xcassets */; };
		D05986CD22A607BD00AE59F8 /* Preview Assets.xcassets in Resources */ = {isa = PBXBuildFile; fileRef = D05986CC22A607BD00AE59F8 /* Preview Assets.xcassets */; };
		D05986D022A607BD00AE59F8 /* LaunchScreen.storyboard in Resources */ = {isa = PBXBuildFile; fileRef = D05986CE22A607BD00AE59F8 /* LaunchScreen.storyboard */; };
		D05986DB22A607BD00AE59F8 /* SwiftUITest_WeatherAppTests.swift in Sources */ = {isa = PBXBuildFile; fileRef = D05986DA22A607BD00AE59F8 /* SwiftUITest_WeatherAppTests.swift */; };
		D05986E622A607BD00AE59F8 /* SwiftUITest_WeatherAppUITests.swift in Sources */ = {isa = PBXBuildFile; fileRef = D05986E522A607BD00AE59F8 /* SwiftUITest_WeatherAppUITests.swift */; };
/* End PBXBuildFile section */

/* Begin PBXContainerItemProxy section */
		D05986D722A607BD00AE59F8 /* PBXContainerItemProxy */ = {
			isa = PBXContainerItemProxy;
			containerPortal = D05986B822A607B900AE59F8 /* Project object */;
			proxyType = 1;
			remoteGlobalIDString = D05986BF22A607B900AE59F8;
			remoteInfo = "SwiftUITest-WeatherApp";
		};
		D05986E222A607BD00AE59F8 /* PBXContainerItemProxy */ = {
			isa = PBXContainerItemProxy;
			containerPortal = D05986B822A607B900AE59F8 /* Project object */;
			proxyType = 1;
			remoteGlobalIDString = D05986BF22A607B900AE59F8;
			remoteInfo = "SwiftUITest-WeatherApp";
		};
/* End PBXContainerItemProxy section */

/* Begin PBXFileReference section */
		D05986C022A607B900AE59F8 /* SwiftUITest-WeatherApp.app */ = {isa = PBXFileReference; explicitFileType = wrapper.application; includeInIndex = 0; path = "SwiftUITest-WeatherApp.app"; sourceTree = BUILT_PRODUCTS_DIR; };
		D05986C322A607B900AE59F8 /* AppDelegate.swift */ = {isa = PBXFileReference; lastKnownFileType = sourcecode.swift; path = AppDelegate.swift; sourceTree = "<group>"; };
		D05986C522A607B900AE59F8 /* SceneDelegate.swift */ = {isa = PBXFileReference; lastKnownFileType = sourcecode.swift; path = SceneDelegate.swift; sourceTree = "<group>"; };
		D05986C722A607B900AE59F8 /* ContentView.swift */ = {isa = PBXFileReference; lastKnownFileType = sourcecode.swift; path = ContentView.swift; sourceTree = "<group>"; };
		D05986C922A607BD00AE59F8 /* Assets.xcassets */ = {isa = PBXFileReference; lastKnownFileType = folder.assetcatalog; path = Assets.xcassets; sourceTree = "<group>"; };
		D05986CC22A607BD00AE59F8 /* Preview Assets.xcassets */ = {isa = PBXFileReference; lastKnownFileType = folder.assetcatalog; path = "Preview Assets.xcassets"; sourceTree = "<group>"; };
		D05986CF22A607BD00AE59F8 /* Base */ = {isa = PBXFileReference; lastKnownFileType = file.storyboard; name = Base; path = Base.lproj/LaunchScreen.storyboard; sourceTree = "<group>"; };
		D05986D122A607BD00AE59F8 /* Info.plist */ = {isa = PBXFileReference; lastKnownFileType = text.plist.xml; path = Info.plist; sourceTree = "<group>"; };
		D05986D622A607BD00AE59F8 /* SwiftUITest-WeatherAppTests.xctest */ = {isa = PBXFileReference; explicitFileType = wrapper.cfbundle; includeInIndex = 0; path = "SwiftUITest-WeatherAppTests.xctest"; sourceTree = BUILT_PRODUCTS_DIR; };
		D05986DA22A607BD00AE59F8 /* SwiftUITest_WeatherAppTests.swift */ = {isa = PBXFileReference; lastKnownFileType = sourcecode.swift; path = SwiftUITest_WeatherAppTests.swift; sourceTree = "<group>"; };
		D05986DC22A607BD00AE59F8 /* Info.plist */ = {isa = PBXFileReference; lastKnownFileType = text.plist.xml; path = Info.plist; sourceTree = "<group>"; };
		D05986E122A607BD00AE59F8 /* SwiftUITest-WeatherAppUITests.xctest */ = {isa = PBXFileReference; explicitFileType = wrapper.cfbundle; includeInIndex = 0; path = "SwiftUITest-WeatherAppUITests.xctest"; sourceTree = BUILT_PRODUCTS_DIR; };
		D05986E522A607BD00AE59F8 /* SwiftUITest_WeatherAppUITests.swift */ = {isa = PBXFileReference; lastKnownFileType = sourcecode.swift; path = SwiftUITest_WeatherAppUITests.swift; sourceTree = "<group>"; };
		D05986E722A607BD00AE59F8 /* Info.plist */ = {isa = PBXFileReference; lastKnownFileType = text.plist.xml; path = Info.plist; sourceTree = "<group>"; };
/* End PBXFileReference section */

/* Begin PBXFrameworksBuildPhase section */
		D05986BD22A607B900AE59F8 /* Frameworks */ = {
			isa = PBXFrameworksBuildPhase;
			buildActionMask = 2147483647;
			files = (
			);
			runOnlyForDeploymentPostprocessing = 0;
		};
		D05986D322A607BD00AE59F8 /* Frameworks */ = {
			isa = PBXFrameworksBuildPhase;
			buildActionMask = 2147483647;
			files = (
			);
			runOnlyForDeploymentPostprocessing = 0;
		};
		D05986DE22A607BD00AE59F8 /* Frameworks */ = {
			isa = PBXFrameworksBuildPhase;
			buildActionMask = 2147483647;
			files = (
			);
			runOnlyForDeploymentPostprocessing = 0;
		};
/* End PBXFrameworksBuildPhase section */

/* Begin PBXGroup section */
		D05986B722A607B900AE59F8 = {
			isa = PBXGroup;
			children = (
				D05986C222A607B900AE59F8 /* SwiftUITest-WeatherApp */,
				D05986D922A607BD00AE59F8 /* SwiftUITest-WeatherAppTests */,
				D05986E422A607BD00AE59F8 /* SwiftUITest-WeatherAppUITests */,
				D05986C122A607B900AE59F8 /* Products */,
			);
			sourceTree = "<group>";
		};
		D05986C122A607B900AE59F8 /* Products */ = {
			isa = PBXGroup;
			children = (
				D05986C022A607B900AE59F8 /* SwiftUITest-WeatherApp.app */,
				D05986D622A607BD00AE59F8 /* SwiftUITest-WeatherAppTests.xctest */,
				D05986E122A607BD00AE59F8 /* SwiftUITest-WeatherAppUITests.xctest */,
			);
			name = Products;
			sourceTree = "<group>";
		};
		D05986C222A607B900AE59F8 /* SwiftUITest-WeatherApp */ = {
			isa = PBXGroup;
			children = (
				D05986F322A6084B00AE59F8 /* PresentationLayer */,
				D05986C322A607B900AE59F8 /* AppDelegate.swift */,
				D05986C522A607B900AE59F8 /* SceneDelegate.swift */,
				D05986C922A607BD00AE59F8 /* Assets.xcassets */,
				D05986CE22A607BD00AE59F8 /* LaunchScreen.storyboard */,
				D05986D122A607BD00AE59F8 /* Info.plist */,
				D05986CB22A607BD00AE59F8 /* Preview Content */,
			);
			path = "SwiftUITest-WeatherApp";
			sourceTree = "<group>";
		};
		D05986CB22A607BD00AE59F8 /* Preview Content */ = {
			isa = PBXGroup;
			children = (
				D05986CC22A607BD00AE59F8 /* Preview Assets.xcassets */,
			);
			path = "Preview Content";
			sourceTree = "<group>";
		};
		D05986D922A607BD00AE59F8 /* SwiftUITest-WeatherAppTests */ = {
			isa = PBXGroup;
			children = (
				D05986DA22A607BD00AE59F8 /* SwiftUITest_WeatherAppTests.swift */,
				D05986DC22A607BD00AE59F8 /* Info.plist */,
			);
			path = "SwiftUITest-WeatherAppTests";
			sourceTree = "<group>";
		};
		D05986E422A607BD00AE59F8 /* SwiftUITest-WeatherAppUITests */ = {
			isa = PBXGroup;
			children = (
				D05986E522A607BD00AE59F8 /* SwiftUITest_WeatherAppUITests.swift */,
				D05986E722A607BD00AE59F8 /* Info.plist */,
			);
			path = "SwiftUITest-WeatherAppUITests";
			sourceTree = "<group>";
		};
		D05986F322A6084B00AE59F8 /* PresentationLayer */ = {
			isa = PBXGroup;
			children = (
				D05986C722A607B900AE59F8 /* ContentView.swift */,
			);
			path = PresentationLayer;
			sourceTree = "<group>";
		};
/* End PBXGroup section */

/* Begin PBXNativeTarget section */
		D05986BF22A607B900AE59F8 /* SwiftUITest-WeatherApp */ = {
			isa = PBXNativeTarget;
			buildConfigurationList = D05986EA22A607BD00AE59F8 /* Build configuration list for PBXNativeTarget "SwiftUITest-WeatherApp" */;
			buildPhases = (
				D05986BC22A607B900AE59F8 /* Sources */,
				D05986BD22A607B900AE59F8 /* Frameworks */,
				D05986BE22A607B900AE59F8 /* Resources */,
			);
			buildRules = (
			);
			dependencies = (
			);
			name = "SwiftUITest-WeatherApp";
			productName = "SwiftUITest-WeatherApp";
			productReference = D05986C022A607B900AE59F8 /* SwiftUITest-WeatherApp.app */;
			productType = "com.apple.product-type.application";
		};
		D05986D522A607BD00AE59F8 /* SwiftUITest-WeatherAppTests */ = {
			isa = PBXNativeTarget;
			buildConfigurationList = D05986ED22A607BD00AE59F8 /* Build configuration list for PBXNativeTarget "SwiftUITest-WeatherAppTests" */;
			buildPhases = (
				D05986D222A607BD00AE59F8 /* Sources */,
				D05986D322A607BD00AE59F8 /* Frameworks */,
				D05986D422A607BD00AE59F8 /* Resources */,
			);
			buildRules = (
			);
			dependencies = (
				D05986D822A607BD00AE59F8 /* PBXTargetDependency */,
			);
			name = "SwiftUITest-WeatherAppTests";
			productName = "SwiftUITest-WeatherAppTests";
			productReference = D05986D622A607BD00AE59F8 /* SwiftUITest-WeatherAppTests.xctest */;
			productType = "com.apple.product-type.bundle.unit-test";
		};
		D05986E022A607BD00AE59F8 /* SwiftUITest-WeatherAppUITests */ = {
			isa = PBXNativeTarget;
			buildConfigurationList = D05986F022A607BD00AE59F8 /* Build configuration list for PBXNativeTarget "SwiftUITest-WeatherAppUITests" */;
			buildPhases = (
				D05986DD22A607BD00AE59F8 /* Sources */,
				D05986DE22A607BD00AE59F8 /* Frameworks */,
				D05986DF22A607BD00AE59F8 /* Resources */,
			);
			buildRules = (
			);
			dependencies = (
				D05986E322A607BD00AE59F8 /* PBXTargetDependency */,
			);
			name = "SwiftUITest-WeatherAppUITests";
			productName = "SwiftUITest-WeatherAppUITests";
			productReference = D05986E122A607BD00AE59F8 /* SwiftUITest-WeatherAppUITests.xctest */;
			productType = "com.apple.product-type.bundle.ui-testing";
		};
/* End PBXNativeTarget section */

/* Begin PBXProject section */
		D05986B822A607B900AE59F8 /* Project object */ = {
			isa = PBXProject;
			attributes = {
				LastSwiftUpdateCheck = 1100;
				LastUpgradeCheck = 1100;
				ORGANIZATIONNAME = net.yamatte;
				TargetAttributes = {
					D05986BF22A607B900AE59F8 = {
						CreatedOnToolsVersion = 11.0;
					};
					D05986D522A607BD00AE59F8 = {
						CreatedOnToolsVersion = 11.0;
						TestTargetID = D05986BF22A607B900AE59F8;
					};
					D05986E022A607BD00AE59F8 = {
						CreatedOnToolsVersion = 11.0;
						TestTargetID = D05986BF22A607B900AE59F8;
					};
				};
			};
			buildConfigurationList = D05986BB22A607B900AE59F8 /* Build configuration list for PBXProject "SwiftUITest-WeatherApp" */;
			compatibilityVersion = "Xcode 9.3";
			developmentRegion = en;
			hasScannedForEncodings = 0;
			knownRegions = (
				en,
				Base,
			);
			mainGroup = D05986B722A607B900AE59F8;
			productRefGroup = D05986C122A607B900AE59F8 /* Products */;
			projectDirPath = "";
			projectRoot = "";
			targets = (
				D05986BF22A607B900AE59F8 /* SwiftUITest-WeatherApp */,
				D05986D522A607BD00AE59F8 /* SwiftUITest-WeatherAppTests */,
				D05986E022A607BD00AE59F8 /* SwiftUITest-WeatherAppUITests */,
			);
		};
/* End PBXProject section */

/* Begin PBXResourcesBuildPhase section */
		D05986BE22A607B900AE59F8 /* Resources */ = {
			isa = PBXResourcesBuildPhase;
			buildActionMask = 2147483647;
			files = (
				D05986D022A607BD00AE59F8 /* LaunchScreen.storyboard in Resources */,
				D05986CD22A607BD00AE59F8 /* Preview Assets.xcassets in Resources */,
				D05986CA22A607BD00AE59F8 /* Assets.xcassets in Resources */,
			);
			runOnlyForDeploymentPostprocessing = 0;
		};
		D05986D422A607BD00AE59F8 /* Resources */ = {
			isa = PBXResourcesBuildPhase;
			buildActionMask = 2147483647;
			files = (
			);
			runOnlyForDeploymentPostprocessing = 0;
		};
		D05986DF22A607BD00AE59F8 /* Resources */ = {
			isa = PBXResourcesBuildPhase;
			buildActionMask = 2147483647;
			files = (
			);
			runOnlyForDeploymentPostprocessing = 0;
		};
/* End PBXResourcesBuildPhase section */

/* Begin PBXSourcesBuildPhase section */
		D05986BC22A607B900AE59F8 /* Sources */ = {
			isa = PBXSourcesBuildPhase;
			buildActionMask = 2147483647;
			files = (
				D05986C422A607B900AE59F8 /* AppDelegate.swift in Sources */,
				D05986C622A607B900AE59F8 /* SceneDelegate.swift in Sources */,
				D05986C822A607B900AE59F8 /* ContentView.swift in Sources */,
			);
			runOnlyForDeploymentPostprocessing = 0;
		};
		D05986D222A607BD00AE59F8 /* Sources */ = {
			isa = PBXSourcesBuildPhase;
			buildActionMask = 2147483647;
			files = (
				D05986DB22A607BD00AE59F8 /* SwiftUITest_WeatherAppTests.swift in Sources */,
			);
			runOnlyForDeploymentPostprocessing = 0;
		};
		D05986DD22A607BD00AE59F8 /* Sources */ = {
			isa = PBXSourcesBuildPhase;
			buildActionMask = 2147483647;
			files = (
				D05986E622A607BD00AE59F8 /* SwiftUITest_WeatherAppUITests.swift in Sources */,
			);
			runOnlyForDeploymentPostprocessing = 0;
		};
/* End PBXSourcesBuildPhase section */

/* Begin PBXTargetDependency section */
		D05986D822A607BD00AE59F8 /* PBXTargetDependency */ = {
			isa = PBXTargetDependency;
			target = D05986BF22A607B900AE59F8 /* SwiftUITest-WeatherApp */;
			targetProxy = D05986D722A607BD00AE59F8 /* PBXContainerItemProxy */;
		};
		D05986E322A607BD00AE59F8 /* PBXTargetDependency */ = {
			isa = PBXTargetDependency;
			target = D05986BF22A607B900AE59F8 /* SwiftUITest-WeatherApp */;
			targetProxy = D05986E222A607BD00AE59F8 /* PBXContainerItemProxy */;
		};
/* End PBXTargetDependency section */

/* Begin PBXVariantGroup section */
		D05986CE22A607BD00AE59F8 /* LaunchScreen.storyboard */ = {
			isa = PBXVariantGroup;
			children = (
				D05986CF22A607BD00AE59F8 /* Base */,
			);
			name = LaunchScreen.storyboard;
			sourceTree = "<group>";
		};
/* End PBXVariantGroup section */

/* Begin XCBuildConfiguration section */
		D05986E822A607BD00AE59F8 /* Debug */ = {
			isa = XCBuildConfiguration;
			buildSettings = {
				ALWAYS_SEARCH_USER_PATHS = NO;
				CLANG_ANALYZER_NONNULL = YES;
				CLANG_ANALYZER_NUMBER_OBJECT_CONVERSION = YES_AGGRESSIVE;
				CLANG_CXX_LANGUAGE_STANDARD = "gnu++14";
				CLANG_CXX_LIBRARY = "libc++";
				CLANG_ENABLE_MODULES = YES;
				CLANG_ENABLE_OBJC_ARC = YES;
				CLANG_ENABLE_OBJC_WEAK = YES;
				CLANG_WARN_BLOCK_CAPTURE_AUTORELEASING = YES;
				CLANG_WARN_BOOL_CONVERSION = YES;
				CLANG_WARN_COMMA = YES;
				CLANG_WARN_CONSTANT_CONVERSION = YES;
				CLANG_WARN_DEPRECATED_OBJC_IMPLEMENTATIONS = YES;
				CLANG_WARN_DIRECT_OBJC_ISA_USAGE = YES_ERROR;
				CLANG_WARN_DOCUMENTATION_COMMENTS = YES;
				CLANG_WARN_EMPTY_BODY = YES;
				CLANG_WARN_ENUM_CONVERSION = YES;
				CLANG_WARN_INFINITE_RECURSION = YES;
				CLANG_WARN_INT_CONVERSION = YES;
				CLANG_WARN_NON_LITERAL_NULL_CONVERSION = YES;
				CLANG_WARN_OBJC_IMPLICIT_RETAIN_SELF = YES;
				CLANG_WARN_OBJC_LITERAL_CONVERSION = YES;
				CLANG_WARN_OBJC_ROOT_CLASS = YES_ERROR;
				CLANG_WARN_RANGE_LOOP_ANALYSIS = YES;
				CLANG_WARN_STRICT_PROTOTYPES = YES;
				CLANG_WARN_SUSPICIOUS_MOVE = YES;
				CLANG_WARN_UNGUARDED_AVAILABILITY = YES_AGGRESSIVE;
				CLANG_WARN_UNREACHABLE_CODE = YES;
				CLANG_WARN__DUPLICATE_METHOD_MATCH = YES;
				COPY_PHASE_STRIP = NO;
				DEBUG_INFORMATION_FORMAT = dwarf;
				ENABLE_STRICT_OBJC_MSGSEND = YES;
				ENABLE_TESTABILITY = YES;
				GCC_C_LANGUAGE_STANDARD = gnu11;
				GCC_DYNAMIC_NO_PIC = NO;
				GCC_NO_COMMON_BLOCKS = YES;
				GCC_OPTIMIZATION_LEVEL = 0;
				GCC_PREPROCESSOR_DEFINITIONS = (
					"DEBUG=1",
					"$(inherited)",
				);
				GCC_WARN_64_TO_32_BIT_CONVERSION = YES;
				GCC_WARN_ABOUT_RETURN_TYPE = YES_ERROR;
				GCC_WARN_UNDECLARED_SELECTOR = YES;
				GCC_WARN_UNINITIALIZED_AUTOS = YES_AGGRESSIVE;
				GCC_WARN_UNUSED_FUNCTION = YES;
				GCC_WARN_UNUSED_VARIABLE = YES;
				IPHONEOS_DEPLOYMENT_TARGET = 13.0;
				MTL_ENABLE_DEBUG_INFO = INCLUDE_SOURCE;
				MTL_FAST_MATH = YES;
				ONLY_ACTIVE_ARCH = YES;
				SDKROOT = iphoneos;
				SWIFT_ACTIVE_COMPILATION_CONDITIONS = DEBUG;
				SWIFT_OPTIMIZATION_LEVEL = "-Onone";
			};
			name = Debug;
		};
		D05986E922A607BD00AE59F8 /* Release */ = {
			isa = XCBuildConfiguration;
			buildSettings = {
				ALWAYS_SEARCH_USER_PATHS = NO;
				CLANG_ANALYZER_NONNULL = YES;
				CLANG_ANALYZER_NUMBER_OBJECT_CONVERSION = YES_AGGRESSIVE;
				CLANG_CXX_LANGUAGE_STANDARD = "gnu++14";
				CLANG_CXX_LIBRARY = "libc++";
				CLANG_ENABLE_MODULES = YES;
				CLANG_ENABLE_OBJC_ARC = YES;
				CLANG_ENABLE_OBJC_WEAK = YES;
				CLANG_WARN_BLOCK_CAPTURE_AUTORELEASING = YES;
				CLANG_WARN_BOOL_CONVERSION = YES;
				CLANG_WARN_COMMA = YES;
				CLANG_WARN_CONSTANT_CONVERSION = YES;
				CLANG_WARN_DEPRECATED_OBJC_IMPLEMENTATIONS = YES;
				CLANG_WARN_DIRECT_OBJC_ISA_USAGE = YES_ERROR;
				CLANG_WARN_DOCUMENTATION_COMMENTS = YES;
				CLANG_WARN_EMPTY_BODY = YES;
				CLANG_WARN_ENUM_CONVERSION = YES;
				CLANG_WARN_INFINITE_RECURSION = YES;
				CLANG_WARN_INT_CONVERSION = YES;
				CLANG_WARN_NON_LITERAL_NULL_CONVERSION = YES;
				CLANG_WARN_OBJC_IMPLICIT_RETAIN_SELF = YES;
				CLANG_WARN_OBJC_LITERAL_CONVERSION = YES;
				CLANG_WARN_OBJC_ROOT_CLASS = YES_ERROR;
				CLANG_WARN_RANGE_LOOP_ANALYSIS = YES;
				CLANG_WARN_STRICT_PROTOTYPES = YES;
				CLANG_WARN_SUSPICIOUS_MOVE = YES;
				CLANG_WARN_UNGUARDED_AVAILABILITY = YES_AGGRESSIVE;
				CLANG_WARN_UNREACHABLE_CODE = YES;
				CLANG_WARN__DUPLICATE_METHOD_MATCH = YES;
				COPY_PHASE_STRIP = NO;
				DEBUG_INFORMATION_FORMAT = "dwarf-with-dsym";
				ENABLE_NS_ASSERTIONS = NO;
				ENABLE_STRICT_OBJC_MSGSEND = YES;
				GCC_C_LANGUAGE_STANDARD = gnu11;
				GCC_NO_COMMON_BLOCKS = YES;
				GCC_WARN_64_TO_32_BIT_CONVERSION = YES;
				GCC_WARN_ABOUT_RETURN_TYPE = YES_ERROR;
				GCC_WARN_UNDECLARED_SELECTOR = YES;
				GCC_WARN_UNINITIALIZED_AUTOS = YES_AGGRESSIVE;
				GCC_WARN_UNUSED_FUNCTION = YES;
				GCC_WARN_UNUSED_VARIABLE = YES;
				IPHONEOS_DEPLOYMENT_TARGET = 13.0;
				MTL_ENABLE_DEBUG_INFO = NO;
				MTL_FAST_MATH = YES;
				SDKROOT = iphoneos;
				SWIFT_COMPILATION_MODE = wholemodule;
				SWIFT_OPTIMIZATION_LEVEL = "-O";
				VALIDATE_PRODUCT = YES;
			};
			name = Release;
		};
		D05986EB22A607BD00AE59F8 /* Debug */ = {
			isa = XCBuildConfiguration;
			buildSettings = {
				ASSETCATALOG_COMPILER_APPICON_NAME = AppIcon;
				CODE_SIGN_STYLE = Automatic;
				DEVELOPMENT_ASSET_PATHS = "SwiftUITest-WeatherApp/Preview\\ Content";
				DEVELOPMENT_TEAM = 94Z448EL6M;
				ENABLE_PREVIEWS = YES;
				INFOPLIST_FILE = "SwiftUITest-WeatherApp/Info.plist";
				LD_RUNPATH_SEARCH_PATHS = (
					"$(inherited)",
					"@executable_path/Frameworks",
				);
				PRODUCT_BUNDLE_IDENTIFIER = "net.yamatte.SwiftUITest-WeatherApp";
				PRODUCT_NAME = "$(TARGET_NAME)";
				SWIFT_VERSION = 5.0;
				TARGETED_DEVICE_FAMILY = "1,2";
			};
			name = Debug;
		};
		D05986EC22A607BD00AE59F8 /* Release */ = {
			isa = XCBuildConfiguration;
			buildSettings = {
				ASSETCATALOG_COMPILER_APPICON_NAME = AppIcon;
				CODE_SIGN_STYLE = Automatic;
				DEVELOPMENT_ASSET_PATHS = "SwiftUITest-WeatherApp/Preview\\ Content";
				DEVELOPMENT_TEAM = 94Z448EL6M;
				ENABLE_PREVIEWS = YES;
				INFOPLIST_FILE = "SwiftUITest-WeatherApp/Info.plist";
				LD_RUNPATH_SEARCH_PATHS = (
					"$(inherited)",
					"@executable_path/Frameworks",
				);
				PRODUCT_BUNDLE_IDENTIFIER = "net.yamatte.SwiftUITest-WeatherApp";
				PRODUCT_NAME = "$(TARGET_NAME)";
				SWIFT_VERSION = 5.0;
				TARGETED_DEVICE_FAMILY = "1,2";
			};
			name = Release;
		};
		D05986EE22A607BD00AE59F8 /* Debug */ = {
			isa = XCBuildConfiguration;
			buildSettings = {
				ALWAYS_EMBED_SWIFT_STANDARD_LIBRARIES = YES;
				BUNDLE_LOADER = "$(TEST_HOST)";
				CODE_SIGN_STYLE = Automatic;
				DEVELOPMENT_TEAM = 94Z448EL6M;
				INFOPLIST_FILE = "SwiftUITest-WeatherAppTests/Info.plist";
				LD_RUNPATH_SEARCH_PATHS = (
					"$(inherited)",
					"@executable_path/Frameworks",
					"@loader_path/Frameworks",
				);
				PRODUCT_BUNDLE_IDENTIFIER = "net.yamatte.SwiftUITest-WeatherAppTests";
				PRODUCT_NAME = "$(TARGET_NAME)";
				SWIFT_VERSION = 5.0;
				TARGETED_DEVICE_FAMILY = "1,2";
				TEST_HOST = "$(BUILT_PRODUCTS_DIR)/SwiftUITest-WeatherApp.app/SwiftUITest-WeatherApp";
			};
			name = Debug;
		};
		D05986EF22A607BD00AE59F8 /* Release */ = {
			isa = XCBuildConfiguration;
			buildSettings = {
				ALWAYS_EMBED_SWIFT_STANDARD_LIBRARIES = YES;
				BUNDLE_LOADER = "$(TEST_HOST)";
				CODE_SIGN_STYLE = Automatic;
				DEVELOPMENT_TEAM = 94Z448EL6M;
				INFOPLIST_FILE = "SwiftUITest-WeatherAppTests/Info.plist";
				LD_RUNPATH_SEARCH_PATHS = (
					"$(inherited)",
					"@executable_path/Frameworks",
					"@loader_path/Frameworks",
				);
				PRODUCT_BUNDLE_IDENTIFIER = "net.yamatte.SwiftUITest-WeatherAppTests";
				PRODUCT_NAME = "$(TARGET_NAME)";
				SWIFT_VERSION = 5.0;
				TARGETED_DEVICE_FAMILY = "1,2";
				TEST_HOST = "$(BUILT_PRODUCTS_DIR)/SwiftUITest-WeatherApp.app/SwiftUITest-WeatherApp";
			};
			name = Release;
		};
		D05986F122A607BD00AE59F8 /* Debug */ = {
			isa = XCBuildConfiguration;
			buildSettings = {
				ALWAYS_EMBED_SWIFT_STANDARD_LIBRARIES = YES;
				CODE_SIGN_STYLE = Automatic;
				DEVELOPMENT_TEAM = 94Z448EL6M;
				INFOPLIST_FILE = "SwiftUITest-WeatherAppUITests/Info.plist";
				LD_RUNPATH_SEARCH_PATHS = (
					"$(inherited)",
					"@executable_path/Frameworks",
					"@loader_path/Frameworks",
				);
				PRODUCT_BUNDLE_IDENTIFIER = "net.yamatte.SwiftUITest-WeatherAppUITests";
				PRODUCT_NAME = "$(TARGET_NAME)";
				SWIFT_VERSION = 5.0;
				TARGETED_DEVICE_FAMILY = "1,2";
				TEST_TARGET_NAME = "SwiftUITest-WeatherApp";
			};
			name = Debug;
		};
		D05986F222A607BD00AE59F8 /* Release */ = {
			isa = XCBuildConfiguration;
			buildSettings = {
				ALWAYS_EMBED_SWIFT_STANDARD_LIBRARIES = YES;
				CODE_SIGN_STYLE = Automatic;
				DEVELOPMENT_TEAM = 94Z448EL6M;
				INFOPLIST_FILE = "SwiftUITest-WeatherAppUITests/Info.plist";
				LD_RUNPATH_SEARCH_PATHS = (
					"$(inherited)",
					"@executable_path/Frameworks",
					"@loader_path/Frameworks",
				);
				PRODUCT_BUNDLE_IDENTIFIER = "net.yamatte.SwiftUITest-WeatherAppUITests";
				PRODUCT_NAME = "$(TARGET_NAME)";
				SWIFT_VERSION = 5.0;
				TARGETED_DEVICE_FAMILY = "1,2";
				TEST_TARGET_NAME = "SwiftUITest-WeatherApp";
			};
			name = Release;
		};
/* End XCBuildConfiguration section */

/* Begin XCConfigurationList section */
		D05986BB22A607B900AE59F8 /* Build configuration list for PBXProject "SwiftUITest-WeatherApp" */ = {
			isa = XCConfigurationList;
			buildConfigurations = (
				D05986E822A607BD00AE59F8 /* Debug */,
				D05986E922A607BD00AE59F8 /* Release */,
			);
			defaultConfigurationIsVisible = 0;
			defaultConfigurationName = Release;
		};
		D05986EA22A607BD00AE59F8 /* Build configuration list for PBXNativeTarget "SwiftUITest-WeatherApp" */ = {
			isa = XCConfigurationList;
			buildConfigurations = (
				D05986EB22A607BD00AE59F8 /* Debug */,
				D05986EC22A607BD00AE59F8 /* Release */,
			);
			defaultConfigurationIsVisible = 0;
			defaultConfigurationName = Release;
		};
		D05986ED22A607BD00AE59F8 /* Build configuration list for PBXNativeTarget "SwiftUITest-WeatherAppTests" */ = {
			isa = XCConfigurationList;
			buildConfigurations = (
				D05986EE22A607BD00AE59F8 /* Debug */,
				D05986EF22A607BD00AE59F8 /* Release */,
			);
			defaultConfigurationIsVisible = 0;
			defaultConfigurationName = Release;
		};
		D05986F022A607BD00AE59F8 /* Build configuration list for PBXNativeTarget "SwiftUITest-WeatherAppUITests" */ = {
			isa = XCConfigurationList;
			buildConfigurations = (
				D05986F122A607BD00AE59F8 /* Debug */,
				D05986F222A607BD00AE59F8 /* Release */,
			);
			defaultConfigurationIsVisible = 0;
			defaultConfigurationName = Release;
		};
/* End XCConfigurationList section */
	};
	rootObject = D05986B822A607B900AE59F8 /* Project object */;
}
